
Microsoft Visual Studio Solution File, Format Version 12.00
# Visual Studio Version 17
VisualStudioVersion = 17.8.34511.84
MinimumVisualStudioVersion = 10.0.40219.1
Project("{FAE04EC0-301F-11D3-BF4B-00C04F79EFBC}") = "DictionaryApp", "DictionaryApp\DictionaryApp.csproj", "{CA304F2F-8AAD-4277-929B-2E196D230EC6}"
EndProject
Global
	GlobalSection(SolutionConfigurationPlatforms) = preSolution
		Debug|Any CPU = Debug|Any CPU
		Release|Any CPU = Release|Any CPU
	EndGlobalSection
	GlobalSection(ProjectConfigurationPlatforms) = postSolution
		{CA304F2F-8AAD-4277-929B-2E196D230EC6}.Debug|Any CPU.ActiveCfg = Debug|Any CPU
		{CA304F2F-8AAD-4277-929B-2E196D230EC6}.Debug|Any CPU.Build.0 = Debug|Any CPU
		{CA304F2F-8AAD-4277-929B-2E196D230EC6}.Release|Any CPU.ActiveCfg = Release|Any CPU
		{CA304F2F-8AAD-4277-929B-2E196D230EC6}.Release|Any CPU.Build.0 = Release|Any CPU
	EndGlobalSection
	GlobalSection(SolutionProperties) = preSolution
		HideSolutionNode = FALSE
	EndGlobalSection
	GlobalSection(ExtensibilityGlobals) = postSolution
		SolutionGuid = {4C111D23-BF49-4F4C-B0D4-AF1ABDFB7269}
	EndGlobalSection
EndGlobal
